<Project xmlns="http://schemas.microsoft.com/developer/msbuild/2003">
  <PropertyGroup>
    <ProjectGuid>{863DAEB8-CA0A-4A5F-9182-70BBD6911F6D}</ProjectGuid>
    <MainSource>Poseidon.Sample.HTTP2.dpr</MainSource>
    <Base>True</Base>
    <Config Condition="'$(Config)'==''">Debug</Config>
    <Platform Condition="'$(Platform)'==''">Win64</Platform>
    <TargetedPlatforms>1</TargetedPlatforms>
    <AppType>Console</AppType>
    <FrameworkType>None</FrameworkType>
    <ProjectVersion>19.5</ProjectVersion>
  </PropertyGroup>
  <PropertyGroup Condition="'$(Config)'=='Base' or '$(Base)'!=''">
    <Base>true</Base>
    <DCC_E>false</DCC_E>
    <DCC_F>false</DCC_F>
    <DCC_K>false</DCC_K>
    <DCC_N>false</DCC_N>
    <DCC_S>false</DCC_S>
    <SanitizedProjectName>PoseidonSampleHTTP2</SanitizedProjectName>
    <DCC_Namespace>System;Xml;Data;Datasnap;Web;Soap;$(DCC_Namespace)</DCC_Namespace>
    <VerInfo_Locale>1046</VerInfo_Locale>
    <DCC_UnitSearchPath>.\;..\..\src;$(DCC_UnitSearchPath)</DCC_UnitSearchPath>
    <DCC_DcuOutput>.\dcu\$(Config)</DCC_DcuOutput>
    <DCC_ExeOutput>.\bin\$(Config)</DCC_ExeOutput>
  </PropertyGroup>
  <PropertyGroup Condition="'$(Platform)'=='Win64' and '$(Base)'=='true'">
    <DCC_Namespace>Winapi;System.Win;Data.Win;Datasnap.Win;Web.Win;Soap.Win;Xml.Win;$(DCC_Namespace)</DCC_Namespace>
    <VerInfo_IncludeVerInfo>true</VerInfo_IncludeVerInfo>
    <VerInfo_Locale>1033</VerInfo_Locale>
  </PropertyGroup>
  <PropertyGroup Condition="'$(Platform)'=='Linux64' and '$(Base)'=='true'">
    <DCC_Namespace>$(DCC_Namespace)</DCC_Namespace>
  </PropertyGroup>
  <PropertyGroup Condition="'$(Config)'=='Debug' or '$(Cfg_2)'!=''">
    <Cfg_2>true</Cfg_2>
    <CfgParent>Base</CfgParent>
    <Base>true</Base>
    <DCC_Define>DEBUG;$(DCC_Define)</DCC_Define>
  </PropertyGroup>
  <PropertyGroup Condition="'$(Config)'=='Release' or '$(Cfg_1)'!=''">
    <Cfg_1>true</Cfg_1>
    <CfgParent>Base</CfgParent>
    <Base>true</Base>
    <DCC_Optimize>true</DCC_Optimize>
    <DCC_Define>RELEASE;$(DCC_Define)</DCC_Define>
  </PropertyGroup>
  <ItemGroup>
    <DelphiCompile Include="$(MainSource)">
      <MainSource>MainSource</MainSource>
    </DelphiCompile>
  </ItemGroup>
  <ProjectExtensions>
    <Borland.Personality>Delphi.Personality.12</Borland.Personality>
    <Borland.ProjectType />
    <BorlandProject>
      <Delphi.Personality>
        <Source>
          <Source Name="MainSource">Poseidon.Sample.HTTP2.dpr</Source>
        </Source>
      </Delphi.Personality>
      <Platforms>
        <Platform value="Win64">True</Platform>
        <Platform value="Linux64">True</Platform>
      </Platforms>
    </BorlandProject>
    <ProjectFileVersion>12</ProjectFileVersion>
  </ProjectExtensions>
  <Import Project="$(BDS)\Bin\CodeGear.Delphi.Targets" Condition="Exists('$(BDS)\Bin\CodeGear.Delphi.Targets')" />
</Project>
